
Microsoft Visual Studio Solution File, Format Version 12.00
# Visual Studio 15
VisualStudioVersion = 15.0.28307.572
MinimumVisualStudioVersion = 10.0.40219.1
Project("{FAE04EC0-301F-11D3-BF4B-00C04F79EFBC}") = "SideProject", "SideProject\SideProject.csproj", "{8EE0E309-1CA7-42AA-863D-3632189B199E}"
EndProject
Global
	GlobalSection(SolutionConfigurationPlatforms) = preSolution
		Debug|Any CPU = Debug|Any CPU
		Release|Any CPU = Release|Any CPU
	EndGlobalSection
	GlobalSection(ProjectConfigurationPlatforms) = postSolution
		{8EE0E309-1CA7-42AA-863D-3632189B199E}.Debug|Any CPU.ActiveCfg = Debug|Any CPU
		{8EE0E309-1CA7-42AA-863D-3632189B199E}.Debug|Any CPU.Build.0 = Debug|Any CPU
		{8EE0E309-1CA7-42AA-863D-3632189B199E}.Release|Any CPU.ActiveCfg = Release|Any CPU
		{8EE0E309-1CA7-42AA-863D-3632189B199E}.Release|Any CPU.Build.0 = Release|Any CPU
	EndGlobalSection
	GlobalSection(SolutionProperties) = preSolution
		HideSolutionNode = FALSE
	EndGlobalSection
	GlobalSection(ExtensibilityGlobals) = postSolution
		SolutionGuid = {89A200CE-3F9F-4851-81BD-609DC88E18E4}
	EndGlobalSection
EndGlobal
